
Microsoft Visual Studio Solution File, Format Version 12.00
# Visual Studio Version 16
VisualStudioVersion = 16.0.30907.101
MinimumVisualStudioVersion = 10.0.40219.1
Project("{FAE04EC0-301F-11D3-BF4B-00C04F79EFBC}") = "MyDictionary", "MyDictionary\MyDictionary.csproj", "{A33786EF-92C8-4509-9C70-CCC10391B5AB}"
EndProject
Global
	GlobalSection(SolutionConfigurationPlatforms) = preSolution
		Debug|Any CPU = Debug|Any CPU
		Release|Any CPU = Release|Any CPU
	EndGlobalSection
	GlobalSection(ProjectConfigurationPlatforms) = postSolution
		{A33786EF-92C8-4509-9C70-CCC10391B5AB}.Debug|Any CPU.ActiveCfg = Debug|Any CPU
		{A33786EF-92C8-4509-9C70-CCC10391B5AB}.Debug|Any CPU.Build.0 = Debug|Any CPU
		{A33786EF-92C8-4509-9C70-CCC10391B5AB}.Release|Any CPU.ActiveCfg = Release|Any CPU
		{A33786EF-92C8-4509-9C70-CCC10391B5AB}.Release|Any CPU.Build.0 = Release|Any CPU
	EndGlobalSection
	GlobalSection(SolutionProperties) = preSolution
		HideSolutionNode = FALSE
	EndGlobalSection
	GlobalSection(ExtensibilityGlobals) = postSolution
		SolutionGuid = {5AE93F09-D127-468A-9D4B-4659F6CCD194}
	EndGlobalSection
EndGlobal
